
Microsoft Visual Studio Solution File, Format Version 12.00
# Visual Studio Version 17
VisualStudioVersion = 17.0.31903.59
MinimumVisualStudioVersion = 10.0.40219.1
Project("{FAE04EC0-301F-11D3-BF4B-00C04F79EFBC}") = "Openize.Drako", "Openize.Drako\Openize.Drako.csproj", "{7BE91B4D-FCC1-426D-B8CE-A84DAFE97431}"
EndProject
Project("{FAE04EC0-301F-11D3-BF4B-00C04F79EFBC}") = "Openize.Drako.Tests", "Openize.Drako.Tests\Openize.Drako.Tests.csproj", "{04E60C38-DA04-4645-B3ED-366DBF809F39}"
EndProject
Global
	GlobalSection(SolutionConfigurationPlatforms) = preSolution
		Debug|Any CPU = Debug|Any CPU
		Release|Any CPU = Release|Any CPU
	EndGlobalSection
	GlobalSection(SolutionProperties) = preSolution
		HideSolutionNode = FALSE
	EndGlobalSection
	GlobalSection(ProjectConfigurationPlatforms) = postSolution
		{7BE91B4D-FCC1-426D-B8CE-A84DAFE97431}.Debug|Any CPU.ActiveCfg = Debug|Any CPU
		{7BE91B4D-FCC1-426D-B8CE-A84DAFE97431}.Debug|Any CPU.Build.0 = Debug|Any CPU
		{7BE91B4D-FCC1-426D-B8CE-A84DAFE97431}.Release|Any CPU.ActiveCfg = Release|Any CPU
		{7BE91B4D-FCC1-426D-B8CE-A84DAFE97431}.Release|Any CPU.Build.0 = Release|Any CPU
		{04E60C38-DA04-4645-B3ED-366DBF809F39}.Debug|Any CPU.ActiveCfg = Debug|Any CPU
		{04E60C38-DA04-4645-B3ED-366DBF809F39}.Debug|Any CPU.Build.0 = Debug|Any CPU
		{04E60C38-DA04-4645-B3ED-366DBF809F39}.Release|Any CPU.ActiveCfg = Release|Any CPU
		{04E60C38-DA04-4645-B3ED-366DBF809F39}.Release|Any CPU.Build.0 = Release|Any CPU
	EndGlobalSection
EndGlobal
